
Microsoft Visual Studio Solution File, Format Version 12.00
# Visual Studio 15
VisualStudioVersion = 15.0.27130.2036
MinimumVisualStudioVersion = 10.0.40219.1
Project("{FAE04EC0-301F-11D3-BF4B-00C04F79EFBC}") = "TinyYoutube", "TinyYoutube\TinyYoutube.csproj", "{01578572-B59E-477F-9309-6F351352EE81}"
EndProject
Global
	GlobalSection(SolutionConfigurationPlatforms) = preSolution
		Debug|Any CPU = Debug|Any CPU
		Release|Any CPU = Release|Any CPU
	EndGlobalSection
	GlobalSection(ProjectConfigurationPlatforms) = postSolution
		{01578572-B59E-477F-9309-6F351352EE81}.Debug|Any CPU.ActiveCfg = Debug|Any CPU
		{01578572-B59E-477F-9309-6F351352EE81}.Debug|Any CPU.Build.0 = Debug|Any CPU
		{01578572-B59E-477F-9309-6F351352EE81}.Release|Any CPU.ActiveCfg = Release|Any CPU
		{01578572-B59E-477F-9309-6F351352EE81}.Release|Any CPU.Build.0 = Release|Any CPU
	EndGlobalSection
	GlobalSection(SolutionProperties) = preSolution
		HideSolutionNode = FALSE
	EndGlobalSection
	GlobalSection(ExtensibilityGlobals) = postSolution
		SolutionGuid = {2B3AC053-84F8-4A1E-BEBF-F53482D6C9E3}
	EndGlobalSection
EndGlobal
